
Microsoft Visual Studio Solution File, Format Version 12.00
# Visual Studio Version 16
VisualStudioVersion = 16.0.31313.79
MinimumVisualStudioVersion = 10.0.40219.1
Project("{9A19103F-16F7-4668-BE54-9A1E7A4F7556}") = "MySolution.Blazor.Server", "MySolution.Blazor.Server\MySolution.Blazor.Server.csproj", "{3124D4D3-08B3-4A4B-8CB3-FFDF045D23B5}"
EndProject
Project("{9A19103F-16F7-4668-BE54-9A1E7A4F7556}") = "MySolution.Module", "MySolution.Module\MySolution.Module.csproj", "{F792E56B-54F1-49A5-A791-F3870F736904}"
EndProject
Project("{9A19103F-16F7-4668-BE54-9A1E7A4F7556}") = "MySolution.Module.Blazor", "MySolution.Module.Blazor\MySolution.Module.Blazor.csproj", "{DBA55F17-33EA-4187-BD86-80EED64CB09C}"
EndProject

Global
	GlobalSection(SolutionConfigurationPlatforms) = preSolution
		Debug|Any CPU = Debug|Any CPU
		Release|Any CPU = Release|Any CPU
	EndGlobalSection
	GlobalSection(ProjectConfigurationPlatforms) = postSolution
		{F792E56B-54F1-49A5-A791-F3870F736904}.Debug|Any CPU.ActiveCfg = Debug|Any CPU
		{F792E56B-54F1-49A5-A791-F3870F736904}.Debug|Any CPU.Build.0 = Debug|Any CPU
		{F792E56B-54F1-49A5-A791-F3870F736904}.Release|Any CPU.ActiveCfg = Release|Any CPU
		{F792E56B-54F1-49A5-A791-F3870F736904}.Release|Any CPU.Build.0 = Release|Any CPU
		{DBA55F17-33EA-4187-BD86-80EED64CB09C}.Debug|Any CPU.ActiveCfg = Debug|Any CPU
		{DBA55F17-33EA-4187-BD86-80EED64CB09C}.Debug|Any CPU.Build.0 = Debug|Any CPU
		{DBA55F17-33EA-4187-BD86-80EED64CB09C}.Release|Any CPU.ActiveCfg = Release|Any CPU
		{DBA55F17-33EA-4187-BD86-80EED64CB09C}.Release|Any CPU.Build.0 = Release|Any CPU
		{3124D4D3-08B3-4A4B-8CB3-FFDF045D23B5}.Debug|Any CPU.ActiveCfg = Debug|Any CPU
		{3124D4D3-08B3-4A4B-8CB3-FFDF045D23B5}.Debug|Any CPU.Build.0 = Debug|Any CPU
		{3124D4D3-08B3-4A4B-8CB3-FFDF045D23B5}.Release|Any CPU.ActiveCfg = Release|Any CPU
		{3124D4D3-08B3-4A4B-8CB3-FFDF045D23B5}.Release|Any CPU.Build.0 = Release|Any CPU
	EndGlobalSection
	GlobalSection(SolutionProperties) = preSolution
		HideSolutionNode = FALSE
	EndGlobalSection
	GlobalSection(ExtensibilityGlobals) = postSolution
		SolutionGuid = {44A9D384-84D3-4612-80F6-516B1A5B3841}
	EndGlobalSection
EndGlobal
