
Microsoft Visual Studio Solution File, Format Version 12.00
# Visual Studio Version 17
VisualStudioVersion = 17.5.33424.131
MinimumVisualStudioVersion = 10.0.40219.1
Project("{9A19103F-16F7-4668-BE54-9A1E7A4F7556}") = "CustomEditor.Module", "CustomEditor.Module\CustomEditor.Module.csproj", "{0797F9D7-0E6E-479B-B8E4-D0C12B79567B}"
EndProject
Project("{9A19103F-16F7-4668-BE54-9A1E7A4F7556}") = "CustomEditor.Blazor.Server", "CustomEditor.Blazor.Server\CustomEditor.Blazor.Server.csproj", "{D9370B33-3186-428B-B4A6-BF7D9F73CADC}"
EndProject
Global
	GlobalSection(SolutionConfigurationPlatforms) = preSolution
		Debug|Any CPU = Debug|Any CPU
		EasyTest|Any CPU = EasyTest|Any CPU
		Release|Any CPU = Release|Any CPU
	EndGlobalSection
	GlobalSection(ProjectConfigurationPlatforms) = postSolution
		{0797F9D7-0E6E-479B-B8E4-D0C12B79567B}.Debug|Any CPU.ActiveCfg = Debug|Any CPU
		{0797F9D7-0E6E-479B-B8E4-D0C12B79567B}.Debug|Any CPU.Build.0 = Debug|Any CPU
		{0797F9D7-0E6E-479B-B8E4-D0C12B79567B}.EasyTest|Any CPU.ActiveCfg = EasyTest|Any CPU
		{0797F9D7-0E6E-479B-B8E4-D0C12B79567B}.EasyTest|Any CPU.Build.0 = EasyTest|Any CPU
		{0797F9D7-0E6E-479B-B8E4-D0C12B79567B}.Release|Any CPU.ActiveCfg = Release|Any CPU
		{0797F9D7-0E6E-479B-B8E4-D0C12B79567B}.Release|Any CPU.Build.0 = Release|Any CPU
		{D9370B33-3186-428B-B4A6-BF7D9F73CADC}.Debug|Any CPU.ActiveCfg = Debug|Any CPU
		{D9370B33-3186-428B-B4A6-BF7D9F73CADC}.Debug|Any CPU.Build.0 = Debug|Any CPU
		{D9370B33-3186-428B-B4A6-BF7D9F73CADC}.EasyTest|Any CPU.ActiveCfg = EasyTest|Any CPU
		{D9370B33-3186-428B-B4A6-BF7D9F73CADC}.EasyTest|Any CPU.Build.0 = EasyTest|Any CPU
		{D9370B33-3186-428B-B4A6-BF7D9F73CADC}.Release|Any CPU.ActiveCfg = Release|Any CPU
		{D9370B33-3186-428B-B4A6-BF7D9F73CADC}.Release|Any CPU.Build.0 = Release|Any CPU
	EndGlobalSection
	GlobalSection(SolutionProperties) = preSolution
		HideSolutionNode = FALSE
	EndGlobalSection
EndGlobal
